
Microsoft Visual Studio Solution File, Format Version 12.00
# Visual Studio Version 17
VisualStudioVersion = 17.11.35327.3
MinimumVisualStudioVersion = 10.0.40219.1
Project("{FAE04EC0-301F-11D3-BF4B-00C04F79EFBC}") = "AppConsoleLivres", "AppConsoleLivres\AppConsoleLivres.csproj", "{26DBFC02-6967-49C2-9211-D1F0DDB7F300}"
EndProject
Global
	GlobalSection(SolutionConfigurationPlatforms) = preSolution
		Debug|Any CPU = Debug|Any CPU
		Release|Any CPU = Release|Any CPU
	EndGlobalSection
	GlobalSection(ProjectConfigurationPlatforms) = postSolution
		{26DBFC02-6967-49C2-9211-D1F0DDB7F300}.Debug|Any CPU.ActiveCfg = Debug|Any CPU
		{26DBFC02-6967-49C2-9211-D1F0DDB7F300}.Debug|Any CPU.Build.0 = Debug|Any CPU
		{26DBFC02-6967-49C2-9211-D1F0DDB7F300}.Release|Any CPU.ActiveCfg = Release|Any CPU
		{26DBFC02-6967-49C2-9211-D1F0DDB7F300}.Release|Any CPU.Build.0 = Release|Any CPU
	EndGlobalSection
	GlobalSection(SolutionProperties) = preSolution
		HideSolutionNode = FALSE
	EndGlobalSection
	GlobalSection(ExtensibilityGlobals) = postSolution
		SolutionGuid = {0DF71FFA-7354-4CD1-8C6F-DCE37BA040CC}
	EndGlobalSection
EndGlobal
